
Microsoft Visual Studio Solution File, Format Version 12.00
# Visual Studio Version 17
VisualStudioVersion = 17.13.35828.75 d17.13
MinimumVisualStudioVersion = 10.0.40219.1
Project("{FAE04EC0-301F-11D3-BF4B-00C04F79EFBC}") = "ParkAccess", "ParkAccess.csproj", "{7ED64CF6-1491-41FC-8AB9-FA26243CC735}"
EndProject
Global
	GlobalSection(SolutionConfigurationPlatforms) = preSolution
		Debug|Any CPU = Debug|Any CPU
		Release|Any CPU = Release|Any CPU
	EndGlobalSection
	GlobalSection(ProjectConfigurationPlatforms) = postSolution
		{7ED64CF6-1491-41FC-8AB9-FA26243CC735}.Debug|Any CPU.ActiveCfg = Debug|Any CPU
		{7ED64CF6-1491-41FC-8AB9-FA26243CC735}.Debug|Any CPU.Build.0 = Debug|Any CPU
		{7ED64CF6-1491-41FC-8AB9-FA26243CC735}.Release|Any CPU.ActiveCfg = Release|Any CPU
		{7ED64CF6-1491-41FC-8AB9-FA26243CC735}.Release|Any CPU.Build.0 = Release|Any CPU
	EndGlobalSection
	GlobalSection(SolutionProperties) = preSolution
		HideSolutionNode = FALSE
	EndGlobalSection
	GlobalSection(ExtensibilityGlobals) = postSolution
		SolutionGuid = {F6E6E14E-2F69-4882-98A9-DAE209765626}
	EndGlobalSection
EndGlobal
